// !$*UTF8*$!
{
	archiveVersion = 1;
	classes = {
	};
	objectVersion = 51;
	objects = {

/* Begin PBXBuildFile section */
		3F0364A12452414D00B5B217 /* blob1.png in Resources */ = {isa = PBXBuildFile; fileRef = 3F0364A02452414D00B5B217 /* blob1.png */; };
		3F0364A32452431800B5B217 /* blob2.png in Resources */ = {isa = PBXBuildFile; fileRef = 3F0364A22452431800B5B217 /* blob2.png */; };
		3F0364A52452431F00B5B217 /* blob3.png in Resources */ = {isa = PBXBuildFile; fileRef = 3F0364A42452431F00B5B217 /* blob3.png */; };
		3F0364A924525ACF00B5B217 /* Group 6.png in Resources */ = {isa = PBXBuildFile; fileRef = 3F0364A824525ACF00B5B217 /* Group 6.png */; };
		3F0364AB24525AF800B5B217 /* Group 7.png in Resources */ = {isa = PBXBuildFile; fileRef = 3F0364AA24525AF800B5B217 /* Group 7.png */; };
		3F0364AD24525CF700B5B217 /* LoginViewController.swift in Sources */ = {isa = PBXBuildFile; fileRef = 3F0364AC24525CF700B5B217 /* LoginViewController.swift */; };
		3F0364AF24525D2C00B5B217 /* DashboardViewController.swift in Sources */ = {isa = PBXBuildFile; fileRef = 3F0364AE24525D2C00B5B217 /* DashboardViewController.swift */; };
		3F0364B124525D4000B5B217 /* SearchHitViewController.swift in Sources */ = {isa = PBXBuildFile; fileRef = 3F0364B024525D4000B5B217 /* SearchHitViewController.swift */; };
		3F0364B324525D4B00B5B217 /* SearchMissViewController.swift in Sources */ = {isa = PBXBuildFile; fileRef = 3F0364B224525D4B00B5B217 /* SearchMissViewController.swift */; };
		3F0364B524525D6100B5B217 /* IncomingRequestViewController.swift in Sources */ = {isa = PBXBuildFile; fileRef = 3F0364B424525D6100B5B217 /* IncomingRequestViewController.swift */; };
		3F0364B724525D6F00B5B217 /* OutgoingRequestViewController.swift in Sources */ = {isa = PBXBuildFile; fileRef = 3F0364B624525D6F00B5B217 /* OutgoingRequestViewController.swift */; };
		3F0364B924525D7B00B5B217 /* MatchViewController.swift in Sources */ = {isa = PBXBuildFile; fileRef = 3F0364B824525D7B00B5B217 /* MatchViewController.swift */; };
		3F0364BB24525DA500B5B217 /* ProfileViewController.swift in Sources */ = {isa = PBXBuildFile; fileRef = 3F0364BA24525DA500B5B217 /* ProfileViewController.swift */; };
		3F0364C024525F4F00B5B217 /* Tuner.swift in Sources */ = {isa = PBXBuildFile; fileRef = 3F0364BF24525F4F00B5B217 /* Tuner.swift */; };
		3F0364C22452603F00B5B217 /* UserData.swift in Sources */ = {isa = PBXBuildFile; fileRef = 3F0364C12452603F00B5B217 /* UserData.swift */; };
		3F06390F245F4BB1000052F9 /* LoginFlow.swift in Sources */ = {isa = PBXBuildFile; fileRef = 3F06390E245F4BB1000052F9 /* LoginFlow.swift */; };
		3F391B35245B7F3900081A79 /* InTune-Bridging-Header.h in Resources */ = {isa = PBXBuildFile; fileRef = 3F391B33245B7EAD00081A79 /* InTune-Bridging-Header.h */; };
		3F99957B245BF85E009DA3B5 /* Constants.swift in Sources */ = {isa = PBXBuildFile; fileRef = 3F99957A245BF85E009DA3B5 /* Constants.swift */; };
		3F999585245D1E06009DA3B5 /* MatchCollectionViewCell.swift in Sources */ = {isa = PBXBuildFile; fileRef = 3F999584245D1E06009DA3B5 /* MatchCollectionViewCell.swift */; };
		3F999587245D3914009DA3B5 /* AboutViewController.swift in Sources */ = {isa = PBXBuildFile; fileRef = 3F999586245D3914009DA3B5 /* AboutViewController.swift */; };
		3FB0E67624578E13005E2A59 /* Amiko-SemiBold.ttf in Resources */ = {isa = PBXBuildFile; fileRef = 3FB0E67224578E13005E2A59 /* Amiko-SemiBold.ttf */; };
		3FB0E67724578E13005E2A59 /* Amiko-Bold.ttf in Resources */ = {isa = PBXBuildFile; fileRef = 3FB0E67324578E13005E2A59 /* Amiko-Bold.ttf */; };
		3FB0E67824578E13005E2A59 /* SIL Open Font License.txt in Resources */ = {isa = PBXBuildFile; fileRef = 3FB0E67424578E13005E2A59 /* SIL Open Font License.txt */; };
		3FB0E67924578E13005E2A59 /* Amiko-Regular.ttf in Resources */ = {isa = PBXBuildFile; fileRef = 3FB0E67524578E13005E2A59 /* Amiko-Regular.ttf */; };
		F409F3A59F13F78497A4B8E9 /* Pods_InTune.framework in Frameworks */ = {isa = PBXBuildFile; fileRef = 37691AE6708D85021A2248E0 /* Pods_InTune.framework */; };
		FED0508A245DA6BC0075463B /* temp-logo-pink.png in Resources */ = {isa = PBXBuildFile; fileRef = FED05089245DA6BC0075463B /* temp-logo-pink.png */; };
		FED0508C245DA6E40075463B /* temp-logo-red.png in Resources */ = {isa = PBXBuildFile; fileRef = FED0508B245DA6E40075463B /* temp-logo-red.png */; };
		FEECB37A245B9A9F00E9AB74 /* SpotifyiOS.framework in Frameworks */ = {isa = PBXBuildFile; fileRef = FEECB379245B9A9F00E9AB74 /* SpotifyiOS.framework */; };
		FEF2F194244FE594000BC236 /* AppDelegate.swift in Sources */ = {isa = PBXBuildFile; fileRef = FEF2F193244FE594000BC236 /* AppDelegate.swift */; };
		FEF2F196244FE594000BC236 /* SceneDelegate.swift in Sources */ = {isa = PBXBuildFile; fileRef = FEF2F195244FE594000BC236 /* SceneDelegate.swift */; };
		FEF2F198244FE594000BC236 /* ViewController.swift in Sources */ = {isa = PBXBuildFile; fileRef = FEF2F197244FE594000BC236 /* ViewController.swift */; };
		FEF2F19B244FE594000BC236 /* Main.storyboard in Resources */ = {isa = PBXBuildFile; fileRef = FEF2F199244FE594000BC236 /* Main.storyboard */; };
		FEF2F19D244FE595000BC236 /* Assets.xcassets in Resources */ = {isa = PBXBuildFile; fileRef = FEF2F19C244FE595000BC236 /* Assets.xcassets */; };
		FEF2F1A0244FE595000BC236 /* LaunchScreen.storyboard in Resources */ = {isa = PBXBuildFile; fileRef = FEF2F19E244FE595000BC236 /* LaunchScreen.storyboard */; };
		FEF2F1AB244FE595000BC236 /* InTuneTests.swift in Sources */ = {isa = PBXBuildFile; fileRef = FEF2F1AA244FE595000BC236 /* InTuneTests.swift */; };
		FEF2F1B6244FE595000BC236 /* InTuneUITests.swift in Sources */ = {isa = PBXBuildFile; fileRef = FEF2F1B5244FE595000BC236 /* InTuneUITests.swift */; };
		FEFF62DA245CFC64008CE006 /* GoogleService-Info.plist in Resources */ = {isa = PBXBuildFile; fileRef = FEFF62D9245CFC64008CE006 /* GoogleService-Info.plist */; };
/* End PBXBuildFile section */

/* Begin PBXContainerItemProxy section */
		FEF2F1A7244FE595000BC236 /* PBXContainerItemProxy */ = {
			isa = PBXContainerItemProxy;
			containerPortal = FEF2F188244FE594000BC236 /* Project object */;
			proxyType = 1;
			remoteGlobalIDString = FEF2F18F244FE594000BC236;
			remoteInfo = InTune;
		};
		FEF2F1B2244FE595000BC236 /* PBXContainerItemProxy */ = {
			isa = PBXContainerItemProxy;
			containerPortal = FEF2F188244FE594000BC236 /* Project object */;
			proxyType = 1;
			remoteGlobalIDString = FEF2F18F244FE594000BC236;
			remoteInfo = InTune;
		};
/* End PBXContainerItemProxy section */

/* Begin PBXFileReference section */
		1E3B7FEB2A786886B2DD8897 /* Pods-InTune.release.xcconfig */ = {isa = PBXFileReference; includeInIndex = 1; lastKnownFileType = text.xcconfig; name = "Pods-InTune.release.xcconfig"; path = "Target Support Files/Pods-InTune/Pods-InTune.release.xcconfig"; sourceTree = "<group>"; };
		37691AE6708D85021A2248E0 /* Pods_InTune.framework */ = {isa = PBXFileReference; explicitFileType = wrapper.framework; includeInIndex = 0; path = Pods_InTune.framework; sourceTree = BUILT_PRODUCTS_DIR; };
		3F0364A02452414D00B5B217 /* blob1.png */ = {isa = PBXFileReference; lastKnownFileType = image.png; path = blob1.png; sourceTree = "<group>"; };
		3F0364A22452431800B5B217 /* blob2.png */ = {isa = PBXFileReference; lastKnownFileType = image.png; path = blob2.png; sourceTree = "<group>"; };
		3F0364A42452431F00B5B217 /* blob3.png */ = {isa = PBXFileReference; lastKnownFileType = image.png; path = blob3.png; sourceTree = "<group>"; };
		3F0364A824525ACF00B5B217 /* Group 6.png */ = {isa = PBXFileReference; lastKnownFileType = image.png; path = "Group 6.png"; sourceTree = "<group>"; };
		3F0364AA24525AF800B5B217 /* Group 7.png */ = {isa = PBXFileReference; lastKnownFileType = image.png; path = "Group 7.png"; sourceTree = "<group>"; };
		3F0364AC24525CF700B5B217 /* LoginViewController.swift */ = {isa = PBXFileReference; lastKnownFileType = sourcecode.swift; path = LoginViewController.swift; sourceTree = "<group>"; };
		3F0364AE24525D2C00B5B217 /* DashboardViewController.swift */ = {isa = PBXFileReference; lastKnownFileType = sourcecode.swift; path = DashboardViewController.swift; sourceTree = "<group>"; };
		3F0364B024525D4000B5B217 /* SearchHitViewController.swift */ = {isa = PBXFileReference; lastKnownFileType = sourcecode.swift; path = SearchHitViewController.swift; sourceTree = "<group>"; };
		3F0364B224525D4B00B5B217 /* SearchMissViewController.swift */ = {isa = PBXFileReference; lastKnownFileType = sourcecode.swift; path = SearchMissViewController.swift; sourceTree = "<group>"; };
		3F0364B424525D6100B5B217 /* IncomingRequestViewController.swift */ = {isa = PBXFileReference; lastKnownFileType = sourcecode.swift; path = IncomingRequestViewController.swift; sourceTree = "<group>"; };
		3F0364B624525D6F00B5B217 /* OutgoingRequestViewController.swift */ = {isa = PBXFileReference; lastKnownFileType = sourcecode.swift; path = OutgoingRequestViewController.swift; sourceTree = "<group>"; };
		3F0364B824525D7B00B5B217 /* MatchViewController.swift */ = {isa = PBXFileReference; lastKnownFileType = sourcecode.swift; path = MatchViewController.swift; sourceTree = "<group>"; };
		3F0364BA24525DA500B5B217 /* ProfileViewController.swift */ = {isa = PBXFileReference; lastKnownFileType = sourcecode.swift; path = ProfileViewController.swift; sourceTree = "<group>"; };
		3F0364BF24525F4F00B5B217 /* Tuner.swift */ = {isa = PBXFileReference; lastKnownFileType = sourcecode.swift; path = Tuner.swift; sourceTree = "<group>"; };
		3F0364C12452603F00B5B217 /* UserData.swift */ = {isa = PBXFileReference; lastKnownFileType = sourcecode.swift; path = UserData.swift; sourceTree = "<group>"; };
		3F06390E245F4BB1000052F9 /* LoginFlow.swift */ = {isa = PBXFileReference; lastKnownFileType = sourcecode.swift; path = LoginFlow.swift; sourceTree = "<group>"; };
		3F391B33245B7EAD00081A79 /* InTune-Bridging-Header.h */ = {isa = PBXFileReference; lastKnownFileType = sourcecode.c.h; path = "InTune-Bridging-Header.h"; sourceTree = "<group>"; };
		3F99957A245BF85E009DA3B5 /* Constants.swift */ = {isa = PBXFileReference; lastKnownFileType = sourcecode.swift; path = Constants.swift; sourceTree = "<group>"; };
		3F999584245D1E06009DA3B5 /* MatchCollectionViewCell.swift */ = {isa = PBXFileReference; lastKnownFileType = sourcecode.swift; path = MatchCollectionViewCell.swift; sourceTree = "<group>"; };
		3F999586245D3914009DA3B5 /* AboutViewController.swift */ = {isa = PBXFileReference; lastKnownFileType = sourcecode.swift; path = AboutViewController.swift; sourceTree = "<group>"; };
		3FB0E67224578E13005E2A59 /* Amiko-SemiBold.ttf */ = {isa = PBXFileReference; lastKnownFileType = file; path = "Amiko-SemiBold.ttf"; sourceTree = "<group>"; };
		3FB0E67324578E13005E2A59 /* Amiko-Bold.ttf */ = {isa = PBXFileReference; lastKnownFileType = file; path = "Amiko-Bold.ttf"; sourceTree = "<group>"; };
		3FB0E67424578E13005E2A59 /* SIL Open Font License.txt */ = {isa = PBXFileReference; fileEncoding = 4; lastKnownFileType = text; path = "SIL Open Font License.txt"; sourceTree = "<group>"; };
		3FB0E67524578E13005E2A59 /* Amiko-Regular.ttf */ = {isa = PBXFileReference; lastKnownFileType = file; path = "Amiko-Regular.ttf"; sourceTree = "<group>"; };
		51B79A2E2474A8894EC13589 /* Pods-InTune.debug.xcconfig */ = {isa = PBXFileReference; includeInIndex = 1; lastKnownFileType = text.xcconfig; name = "Pods-InTune.debug.xcconfig"; path = "Target Support Files/Pods-InTune/Pods-InTune.debug.xcconfig"; sourceTree = "<group>"; };
		FED05089245DA6BC0075463B /* temp-logo-pink.png */ = {isa = PBXFileReference; lastKnownFileType = image.png; path = "temp-logo-pink.png"; sourceTree = "<group>"; };
		FED0508B245DA6E40075463B /* temp-logo-red.png */ = {isa = PBXFileReference; lastKnownFileType = image.png; path = "temp-logo-red.png"; sourceTree = "<group>"; };
		FEECB379245B9A9F00E9AB74 /* SpotifyiOS.framework */ = {isa = PBXFileReference; lastKnownFileType = wrapper.framework; path = SpotifyiOS.framework; sourceTree = "<group>"; };
		FEF2F190244FE594000BC236 /* InTune.app */ = {isa = PBXFileReference; explicitFileType = wrapper.application; includeInIndex = 0; path = InTune.app; sourceTree = BUILT_PRODUCTS_DIR; };
		FEF2F193244FE594000BC236 /* AppDelegate.swift */ = {isa = PBXFileReference; lastKnownFileType = sourcecode.swift; path = AppDelegate.swift; sourceTree = "<group>"; };
		FEF2F195244FE594000BC236 /* SceneDelegate.swift */ = {isa = PBXFileReference; lastKnownFileType = sourcecode.swift; path = SceneDelegate.swift; sourceTree = "<group>"; };
		FEF2F197244FE594000BC236 /* ViewController.swift */ = {isa = PBXFileReference; lastKnownFileType = sourcecode.swift; path = ViewController.swift; sourceTree = "<group>"; };
		FEF2F19A244FE594000BC236 /* Base */ = {isa = PBXFileReference; lastKnownFileType = file.storyboard; name = Base; path = Base.lproj/Main.storyboard; sourceTree = "<group>"; };
		FEF2F19C244FE595000BC236 /* Assets.xcassets */ = {isa = PBXFileReference; lastKnownFileType = folder.assetcatalog; path = Assets.xcassets; sourceTree = "<group>"; };
		FEF2F19F244FE595000BC236 /* Base */ = {isa = PBXFileReference; lastKnownFileType = file.storyboard; name = Base; path = Base.lproj/LaunchScreen.storyboard; sourceTree = "<group>"; };
		FEF2F1A1244FE595000BC236 /* Info.plist */ = {isa = PBXFileReference; lastKnownFileType = text.plist.xml; path = Info.plist; sourceTree = "<group>"; };
		FEF2F1A6244FE595000BC236 /* InTuneTests.xctest */ = {isa = PBXFileReference; explicitFileType = wrapper.cfbundle; includeInIndex = 0; path = InTuneTests.xctest; sourceTree = BUILT_PRODUCTS_DIR; };
		FEF2F1AA244FE595000BC236 /* InTuneTests.swift */ = {isa = PBXFileReference; lastKnownFileType = sourcecode.swift; path = InTuneTests.swift; sourceTree = "<group>"; };
		FEF2F1AC244FE595000BC236 /* Info.plist */ = {isa = PBXFileReference; lastKnownFileType = text.plist.xml; path = Info.plist; sourceTree = "<group>"; };
		FEF2F1B1244FE595000BC236 /* InTuneUITests.xctest */ = {isa = PBXFileReference; explicitFileType = wrapper.cfbundle; includeInIndex = 0; path = InTuneUITests.xctest; sourceTree = BUILT_PRODUCTS_DIR; };
		FEF2F1B5244FE595000BC236 /* InTuneUITests.swift */ = {isa = PBXFileReference; lastKnownFileType = sourcecode.swift; path = InTuneUITests.swift; sourceTree = "<group>"; };
		FEF2F1B7244FE595000BC236 /* Info.plist */ = {isa = PBXFileReference; lastKnownFileType = text.plist.xml; path = Info.plist; sourceTree = "<group>"; };
		FEFF62D9245CFC64008CE006 /* GoogleService-Info.plist */ = {isa = PBXFileReference; fileEncoding = 4; lastKnownFileType = text.plist.xml; path = "GoogleService-Info.plist"; sourceTree = "<group>"; };
/* End PBXFileReference section */

/* Begin PBXFrameworksBuildPhase section */
		FEF2F18D244FE594000BC236 /* Frameworks */ = {
			isa = PBXFrameworksBuildPhase;
			buildActionMask = 2147483647;
			files = (
				F409F3A59F13F78497A4B8E9 /* Pods_InTune.framework in Frameworks */,
				FEECB37A245B9A9F00E9AB74 /* SpotifyiOS.framework in Frameworks */,
			);
			runOnlyForDeploymentPostprocessing = 0;
		};
		FEF2F1A3244FE595000BC236 /* Frameworks */ = {
			isa = PBXFrameworksBuildPhase;
			buildActionMask = 2147483647;
			files = (
			);
			runOnlyForDeploymentPostprocessing = 0;
		};
		FEF2F1AE244FE595000BC236 /* Frameworks */ = {
			isa = PBXFrameworksBuildPhase;
			buildActionMask = 2147483647;
			files = (
			);
			runOnlyForDeploymentPostprocessing = 0;
		};
/* End PBXFrameworksBuildPhase section */

/* Begin PBXGroup section */
		3F03649F2452413C00B5B217 /* Images */ = {
			isa = PBXGroup;
			children = (
				3F0364A02452414D00B5B217 /* blob1.png */,
				3F0364A22452431800B5B217 /* blob2.png */,
				3F0364A42452431F00B5B217 /* blob3.png */,
				3F0364AA24525AF800B5B217 /* Group 7.png */,
				3F0364A824525ACF00B5B217 /* Group 6.png */,
				FED0508B245DA6E40075463B /* temp-logo-red.png */,
				FED05089245DA6BC0075463B /* temp-logo-pink.png */,
			);
			path = Images;
			sourceTree = "<group>";
		};
		3F0364BC24525E4C00B5B217 /* View Controllers */ = {
			isa = PBXGroup;
			children = (
				3F0364AC24525CF700B5B217 /* LoginViewController.swift */,
				3F0364BA24525DA500B5B217 /* ProfileViewController.swift */,
				3F0364AE24525D2C00B5B217 /* DashboardViewController.swift */,
				3F999586245D3914009DA3B5 /* AboutViewController.swift */,
				3F0364B024525D4000B5B217 /* SearchHitViewController.swift */,
				3F0364B224525D4B00B5B217 /* SearchMissViewController.swift */,
				3F0364B424525D6100B5B217 /* IncomingRequestViewController.swift */,
				3F0364B624525D6F00B5B217 /* OutgoingRequestViewController.swift */,
				3F0364B824525D7B00B5B217 /* MatchViewController.swift */,
				FEF2F197244FE594000BC236 /* ViewController.swift */,
				3F999584245D1E06009DA3B5 /* MatchCollectionViewCell.swift */,
			);
			path = "View Controllers";
			sourceTree = "<group>";
		};
		3F0364BD24525ECA00B5B217 /* Model */ = {
			isa = PBXGroup;
			children = (
				3F0364BF24525F4F00B5B217 /* Tuner.swift */,
				3F0364C12452603F00B5B217 /* UserData.swift */,
				3F99957A245BF85E009DA3B5 /* Constants.swift */,
			);
			path = Model;
			sourceTree = "<group>";
		};
		3F0364BE24525F1600B5B217 /* Resources */ = {
			isa = PBXGroup;
			children = (
				3FB0E67124578DEE005E2A59 /* fonts */,
				3F03649F2452413C00B5B217 /* Images */,
			);
			path = Resources;
			sourceTree = "<group>";
		};
		3FB0E67124578DEE005E2A59 /* fonts */ = {
			isa = PBXGroup;
			children = (
				3FB0E67324578E13005E2A59 /* Amiko-Bold.ttf */,
				3FB0E67524578E13005E2A59 /* Amiko-Regular.ttf */,
				3FB0E67224578E13005E2A59 /* Amiko-SemiBold.ttf */,
				3FB0E67424578E13005E2A59 /* SIL Open Font License.txt */,
			);
			path = fonts;
			sourceTree = "<group>";
		};
		4EE6CD6CA2439369E4F3DFB6 /* Frameworks */ = {
			isa = PBXGroup;
			children = (
				FEECB379245B9A9F00E9AB74 /* SpotifyiOS.framework */,
				37691AE6708D85021A2248E0 /* Pods_InTune.framework */,
			);
			name = Frameworks;
			sourceTree = "<group>";
		};
		E3D52AF2452BA4C0D5570802 /* Pods */ = {
			isa = PBXGroup;
			children = (
				51B79A2E2474A8894EC13589 /* Pods-InTune.debug.xcconfig */,
				1E3B7FEB2A786886B2DD8897 /* Pods-InTune.release.xcconfig */,
			);
			path = Pods;
			sourceTree = "<group>";
		};
		FEF2F187244FE594000BC236 = {
			isa = PBXGroup;
			children = (
				3F391B33245B7EAD00081A79 /* InTune-Bridging-Header.h */,
				FEF2F192244FE594000BC236 /* InTune */,
				FEF2F1A9244FE595000BC236 /* InTuneTests */,
				FEF2F1B4244FE595000BC236 /* InTuneUITests */,
				FEF2F191244FE594000BC236 /* Products */,
				E3D52AF2452BA4C0D5570802 /* Pods */,
				4EE6CD6CA2439369E4F3DFB6 /* Frameworks */,
			);
			sourceTree = "<group>";
		};
		FEF2F191244FE594000BC236 /* Products */ = {
			isa = PBXGroup;
			children = (
				FEF2F190244FE594000BC236 /* InTune.app */,
				FEF2F1A6244FE595000BC236 /* InTuneTests.xctest */,
				FEF2F1B1244FE595000BC236 /* InTuneUITests.xctest */,
			);
			name = Products;
			sourceTree = "<group>";
		};
		FEF2F192244FE594000BC236 /* InTune */ = {
			isa = PBXGroup;
			children = (
				3F0364BE24525F1600B5B217 /* Resources */,
				3F0364BC24525E4C00B5B217 /* View Controllers */,
				3F0364BD24525ECA00B5B217 /* Model */,
				FEF2F199244FE594000BC236 /* Main.storyboard */,
				FEF2F19E244FE595000BC236 /* LaunchScreen.storyboard */,
				FEF2F195244FE594000BC236 /* SceneDelegate.swift */,
				FEF2F193244FE594000BC236 /* AppDelegate.swift */,
				3F06390E245F4BB1000052F9 /* LoginFlow.swift */,
				FEF2F19C244FE595000BC236 /* Assets.xcassets */,
				FEF2F1A1244FE595000BC236 /* Info.plist */,
				FEFF62D9245CFC64008CE006 /* GoogleService-Info.plist */,
			);
			path = InTune;
			sourceTree = "<group>";
		};
		FEF2F1A9244FE595000BC236 /* InTuneTests */ = {
			isa = PBXGroup;
			children = (
				FEF2F1AA244FE595000BC236 /* InTuneTests.swift */,
				FEF2F1AC244FE595000BC236 /* Info.plist */,
			);
			path = InTuneTests;
			sourceTree = "<group>";
		};
		FEF2F1B4244FE595000BC236 /* InTuneUITests */ = {
			isa = PBXGroup;
			children = (
				FEF2F1B5244FE595000BC236 /* InTuneUITests.swift */,
				FEF2F1B7244FE595000BC236 /* Info.plist */,
			);
			path = InTuneUITests;
			sourceTree = "<group>";
		};
/* End PBXGroup section */

/* Begin PBXNativeTarget section */
		FEF2F18F244FE594000BC236 /* InTune */ = {
			isa = PBXNativeTarget;
			buildConfigurationList = FEF2F1BA244FE595000BC236 /* Build configuration list for PBXNativeTarget "InTune" */;
			buildPhases = (
				5E15BFDED52367A78F35A9E5 /* [CP] Check Pods Manifest.lock */,
				FEF2F18C244FE594000BC236 /* Sources */,
				FEF2F18D244FE594000BC236 /* Frameworks */,
				FEF2F18E244FE594000BC236 /* Resources */,
				23B7F3B61D6CFFBEA5B2101E /* [CP] Embed Pods Frameworks */,
			);
			buildRules = (
			);
			dependencies = (
			);
			name = InTune;
			productName = InTune;
			productReference = FEF2F190244FE594000BC236 /* InTune.app */;
			productType = "com.apple.product-type.application";
		};
		FEF2F1A5244FE595000BC236 /* InTuneTests */ = {
			isa = PBXNativeTarget;
			buildConfigurationList = FEF2F1BD244FE595000BC236 /* Build configuration list for PBXNativeTarget "InTuneTests" */;
			buildPhases = (
				FEF2F1A2244FE595000BC236 /* Sources */,
				FEF2F1A3244FE595000BC236 /* Frameworks */,
				FEF2F1A4244FE595000BC236 /* Resources */,
			);
			buildRules = (
			);
			dependencies = (
				FEF2F1A8244FE595000BC236 /* PBXTargetDependency */,
			);
			name = InTuneTests;
			productName = InTuneTests;
			productReference = FEF2F1A6244FE595000BC236 /* InTuneTests.xctest */;
			productType = "com.apple.product-type.bundle.unit-test";
		};
		FEF2F1B0244FE595000BC236 /* InTuneUITests */ = {
			isa = PBXNativeTarget;
			buildConfigurationList = FEF2F1C0244FE595000BC236 /* Build configuration list for PBXNativeTarget "InTuneUITests" */;
			buildPhases = (
				FEF2F1AD244FE595000BC236 /* Sources */,
				FEF2F1AE244FE595000BC236 /* Frameworks */,
				FEF2F1AF244FE595000BC236 /* Resources */,
			);
			buildRules = (
			);
			dependencies = (
				FEF2F1B3244FE595000BC236 /* PBXTargetDependency */,
			);
			name = InTuneUITests;
			productName = InTuneUITests;
			productReference = FEF2F1B1244FE595000BC236 /* InTuneUITests.xctest */;
			productType = "com.apple.product-type.bundle.ui-testing";
		};
/* End PBXNativeTarget section */

/* Begin PBXProject section */
		FEF2F188244FE594000BC236 /* Project object */ = {
			isa = PBXProject;
			attributes = {
				LastSwiftUpdateCheck = 1110;
				LastUpgradeCheck = 1110;
				TargetAttributes = {
					FEF2F18F244FE594000BC236 = {
						CreatedOnToolsVersion = 11.1;
					};
					FEF2F1A5244FE595000BC236 = {
						CreatedOnToolsVersion = 11.1;
						TestTargetID = FEF2F18F244FE594000BC236;
					};
					FEF2F1B0244FE595000BC236 = {
						CreatedOnToolsVersion = 11.1;
						TestTargetID = FEF2F18F244FE594000BC236;
					};
				};
			};
			buildConfigurationList = FEF2F18B244FE594000BC236 /* Build configuration list for PBXProject "InTune" */;
			compatibilityVersion = "Xcode 9.3";
			developmentRegion = en;
			hasScannedForEncodings = 0;
			knownRegions = (
				en,
				Base,
			);
			mainGroup = FEF2F187244FE594000BC236;
			productRefGroup = FEF2F191244FE594000BC236 /* Products */;
			projectDirPath = "";
			projectRoot = "";
			targets = (
				FEF2F18F244FE594000BC236 /* InTune */,
				FEF2F1A5244FE595000BC236 /* InTuneTests */,
				FEF2F1B0244FE595000BC236 /* InTuneUITests */,
			);
		};
/* End PBXProject section */

/* Begin PBXResourcesBuildPhase section */
		FEF2F18E244FE594000BC236 /* Resources */ = {
			isa = PBXResourcesBuildPhase;
			buildActionMask = 2147483647;
			files = (
				FED0508C245DA6E40075463B /* temp-logo-red.png in Resources */,
				3F391B35245B7F3900081A79 /* InTune-Bridging-Header.h in Resources */,
				3FB0E67624578E13005E2A59 /* Amiko-SemiBold.ttf in Resources */,
				3FB0E67724578E13005E2A59 /* Amiko-Bold.ttf in Resources */,
				3F0364A924525ACF00B5B217 /* Group 6.png in Resources */,
				3F0364A52452431F00B5B217 /* blob3.png in Resources */,
				3F0364A12452414D00B5B217 /* blob1.png in Resources */,
				3F0364AB24525AF800B5B217 /* Group 7.png in Resources */,
				3FB0E67824578E13005E2A59 /* SIL Open Font License.txt in Resources */,
				FED0508A245DA6BC0075463B /* temp-logo-pink.png in Resources */,
				3FB0E67924578E13005E2A59 /* Amiko-Regular.ttf in Resources */,
				FEF2F1A0244FE595000BC236 /* LaunchScreen.storyboard in Resources */,
				FEF2F19D244FE595000BC236 /* Assets.xcassets in Resources */,
				FEF2F19B244FE594000BC236 /* Main.storyboard in Resources */,
				3F0364A32452431800B5B217 /* blob2.png in Resources */,
				FEFF62DA245CFC64008CE006 /* GoogleService-Info.plist in Resources */,
			);
			runOnlyForDeploymentPostprocessing = 0;
		};
		FEF2F1A4244FE595000BC236 /* Resources */ = {
			isa = PBXResourcesBuildPhase;
			buildActionMask = 2147483647;
			files = (
			);
			runOnlyForDeploymentPostprocessing = 0;
		};
		FEF2F1AF244FE595000BC236 /* Resources */ = {
			isa = PBXResourcesBuildPhase;
			buildActionMask = 2147483647;
			files = (
			);
			runOnlyForDeploymentPostprocessing = 0;
		};
/* End PBXResourcesBuildPhase section */

/* Begin PBXShellScriptBuildPhase section */
		23B7F3B61D6CFFBEA5B2101E /* [CP] Embed Pods Frameworks */ = {
			isa = PBXShellScriptBuildPhase;
			buildActionMask = 2147483647;
			files = (
			);
			inputFileListPaths = (
				"${PODS_ROOT}/Target Support Files/Pods-InTune/Pods-InTune-frameworks-${CONFIGURATION}-input-files.xcfilelist",
			);
			name = "[CP] Embed Pods Frameworks";
			outputFileListPaths = (
				"${PODS_ROOT}/Target Support Files/Pods-InTune/Pods-InTune-frameworks-${CONFIGURATION}-output-files.xcfilelist",
			);
			runOnlyForDeploymentPostprocessing = 0;
			shellPath = /bin/sh;
			shellScript = "\"${PODS_ROOT}/Target Support Files/Pods-InTune/Pods-InTune-frameworks.sh\"\n";
			showEnvVarsInLog = 0;
		};
		5E15BFDED52367A78F35A9E5 /* [CP] Check Pods Manifest.lock */ = {
			isa = PBXShellScriptBuildPhase;
			buildActionMask = 2147483647;
			files = (
			);
			inputFileListPaths = (
			);
			inputPaths = (
				"${PODS_PODFILE_DIR_PATH}/Podfile.lock",
				"${PODS_ROOT}/Manifest.lock",
			);
			name = "[CP] Check Pods Manifest.lock";
			outputFileListPaths = (
			);
			outputPaths = (
				"$(DERIVED_FILE_DIR)/Pods-InTune-checkManifestLockResult.txt",
			);
			runOnlyForDeploymentPostprocessing = 0;
			shellPath = /bin/sh;
			shellScript = "diff \"${PODS_PODFILE_DIR_PATH}/Podfile.lock\" \"${PODS_ROOT}/Manifest.lock\" > /dev/null\nif [ $? != 0 ] ; then\n    # print error to STDERR\n    echo \"error: The sandbox is not in sync with the Podfile.lock. Run 'pod install' or update your CocoaPods installation.\" >&2\n    exit 1\nfi\n# This output is used by Xcode 'outputs' to avoid re-running this script phase.\necho \"SUCCESS\" > \"${SCRIPT_OUTPUT_FILE_0}\"\n";
			showEnvVarsInLog = 0;
		};
/* End PBXShellScriptBuildPhase section */

/* Begin PBXSourcesBuildPhase section */
		FEF2F18C244FE594000BC236 /* Sources */ = {
			isa = PBXSourcesBuildPhase;
			buildActionMask = 2147483647;
			files = (
				3F0364C22452603F00B5B217 /* UserData.swift in Sources */,
				3F0364B124525D4000B5B217 /* SearchHitViewController.swift in Sources */,
				3F0364B324525D4B00B5B217 /* SearchMissViewController.swift in Sources */,
				3F0364B524525D6100B5B217 /* IncomingRequestViewController.swift in Sources */,
				3F0364AD24525CF700B5B217 /* LoginViewController.swift in Sources */,
				3F0364C024525F4F00B5B217 /* Tuner.swift in Sources */,
				3F0364B924525D7B00B5B217 /* MatchViewController.swift in Sources */,
				FEF2F198244FE594000BC236 /* ViewController.swift in Sources */,
				3F999587245D3914009DA3B5 /* AboutViewController.swift in Sources */,
				3F0364BB24525DA500B5B217 /* ProfileViewController.swift in Sources */,
				3F0364AF24525D2C00B5B217 /* DashboardViewController.swift in Sources */,
				3F0364B724525D6F00B5B217 /* OutgoingRequestViewController.swift in Sources */,
				3F99957B245BF85E009DA3B5 /* Constants.swift in Sources */,
				FEF2F194244FE594000BC236 /* AppDelegate.swift in Sources */,
				3F999585245D1E06009DA3B5 /* MatchCollectionViewCell.swift in Sources */,
				3F06390F245F4BB1000052F9 /* LoginFlow.swift in Sources */,
				FEF2F196244FE594000BC236 /* SceneDelegate.swift in Sources */,
			);
			runOnlyForDeploymentPostprocessing = 0;
		};
		FEF2F1A2244FE595000BC236 /* Sources */ = {
			isa = PBXSourcesBuildPhase;
			buildActionMask = 2147483647;
			files = (
				FEF2F1AB244FE595000BC236 /* InTuneTests.swift in Sources */,
			);
			runOnlyForDeploymentPostprocessing = 0;
		};
		FEF2F1AD244FE595000BC236 /* Sources */ = {
			isa = PBXSourcesBuildPhase;
			buildActionMask = 2147483647;
			files = (
				FEF2F1B6244FE595000BC236 /* InTuneUITests.swift in Sources */,
			);
			runOnlyForDeploymentPostprocessing = 0;
		};
/* End PBXSourcesBuildPhase section */

/* Begin PBXTargetDependency section */
		FEF2F1A8244FE595000BC236 /* PBXTargetDependency */ = {
			isa = PBXTargetDependency;
			target = FEF2F18F244FE594000BC236 /* InTune */;
			targetProxy = FEF2F1A7244FE595000BC236 /* PBXContainerItemProxy */;
		};
		FEF2F1B3244FE595000BC236 /* PBXTargetDependency */ = {
			isa = PBXTargetDependency;
			target = FEF2F18F244FE594000BC236 /* InTune */;
			targetProxy = FEF2F1B2244FE595000BC236 /* PBXContainerItemProxy */;
		};
/* End PBXTargetDependency section */

/* Begin PBXVariantGroup section */
		FEF2F199244FE594000BC236 /* Main.storyboard */ = {
			isa = PBXVariantGroup;
			children = (
				FEF2F19A244FE594000BC236 /* Base */,
			);
			name = Main.storyboard;
			sourceTree = "<group>";
		};
		FEF2F19E244FE595000BC236 /* LaunchScreen.storyboard */ = {
			isa = PBXVariantGroup;
			children = (
				FEF2F19F244FE595000BC236 /* Base */,
			);
			name = LaunchScreen.storyboard;
			sourceTree = "<group>";
		};
/* End PBXVariantGroup section */

/* Begin XCBuildConfiguration section */
		FEF2F1B8244FE595000BC236 /* Debug */ = {
			isa = XCBuildConfiguration;
			buildSettings = {
				ALWAYS_SEARCH_USER_PATHS = NO;
				CLANG_ANALYZER_NONNULL = YES;
				CLANG_ANALYZER_NUMBER_OBJECT_CONVERSION = YES_AGGRESSIVE;
				CLANG_CXX_LANGUAGE_STANDARD = "gnu++14";
				CLANG_CXX_LIBRARY = "libc++";
				CLANG_ENABLE_MODULES = YES;
				CLANG_ENABLE_OBJC_ARC = YES;
				CLANG_ENABLE_OBJC_WEAK = YES;
				CLANG_WARN_BLOCK_CAPTURE_AUTORELEASING = YES;
				CLANG_WARN_BOOL_CONVERSION = YES;
				CLANG_WARN_COMMA = YES;
				CLANG_WARN_CONSTANT_CONVERSION = YES;
				CLANG_WARN_DEPRECATED_OBJC_IMPLEMENTATIONS = YES;
				CLANG_WARN_DIRECT_OBJC_ISA_USAGE = YES_ERROR;
				CLANG_WARN_DOCUMENTATION_COMMENTS = YES;
				CLANG_WARN_EMPTY_BODY = YES;
				CLANG_WARN_ENUM_CONVERSION = YES;
				CLANG_WARN_INFINITE_RECURSION = YES;
				CLANG_WARN_INT_CONVERSION = YES;
				CLANG_WARN_NON_LITERAL_NULL_CONVERSION = YES;
				CLANG_WARN_OBJC_IMPLICIT_RETAIN_SELF = YES;
				CLANG_WARN_OBJC_LITERAL_CONVERSION = YES;
				CLANG_WARN_OBJC_ROOT_CLASS = YES_ERROR;
				CLANG_WARN_RANGE_LOOP_ANALYSIS = YES;
				CLANG_WARN_STRICT_PROTOTYPES = YES;
				CLANG_WARN_SUSPICIOUS_MOVE = YES;
				CLANG_WARN_UNGUARDED_AVAILABILITY = YES_AGGRESSIVE;
				CLANG_WARN_UNREACHABLE_CODE = YES;
				CLANG_WARN__DUPLICATE_METHOD_MATCH = YES;
				COPY_PHASE_STRIP = NO;
				DEBUG_INFORMATION_FORMAT = dwarf;
				ENABLE_STRICT_OBJC_MSGSEND = YES;
				ENABLE_TESTABILITY = YES;
				GCC_C_LANGUAGE_STANDARD = gnu11;
				GCC_DYNAMIC_NO_PIC = NO;
				GCC_NO_COMMON_BLOCKS = YES;
				GCC_OPTIMIZATION_LEVEL = 0;
				GCC_PREPROCESSOR_DEFINITIONS = (
					"DEBUG=1",
					"$(inherited)",
				);
				GCC_WARN_64_TO_32_BIT_CONVERSION = YES;
				GCC_WARN_ABOUT_RETURN_TYPE = YES_ERROR;
				GCC_WARN_UNDECLARED_SELECTOR = YES;
				GCC_WARN_UNINITIALIZED_AUTOS = YES_AGGRESSIVE;
				GCC_WARN_UNUSED_FUNCTION = YES;
				GCC_WARN_UNUSED_VARIABLE = YES;
				IPHONEOS_DEPLOYMENT_TARGET = 13.1;
				MTL_ENABLE_DEBUG_INFO = INCLUDE_SOURCE;
				MTL_FAST_MATH = YES;
				ONLY_ACTIVE_ARCH = YES;
				SDKROOT = iphoneos;
				SWIFT_ACTIVE_COMPILATION_CONDITIONS = DEBUG;
				SWIFT_OPTIMIZATION_LEVEL = "-Onone";
			};
			name = Debug;
		};
		FEF2F1B9244FE595000BC236 /* Release */ = {
			isa = XCBuildConfiguration;
			buildSettings = {
				ALWAYS_SEARCH_USER_PATHS = NO;
				CLANG_ANALYZER_NONNULL = YES;
				CLANG_ANALYZER_NUMBER_OBJECT_CONVERSION = YES_AGGRESSIVE;
				CLANG_CXX_LANGUAGE_STANDARD = "gnu++14";
				CLANG_CXX_LIBRARY = "libc++";
				CLANG_ENABLE_MODULES = YES;
				CLANG_ENABLE_OBJC_ARC = YES;
				CLANG_ENABLE_OBJC_WEAK = YES;
				CLANG_WARN_BLOCK_CAPTURE_AUTORELEASING = YES;
				CLANG_WARN_BOOL_CONVERSION = YES;
				CLANG_WARN_COMMA = YES;
				CLANG_WARN_CONSTANT_CONVERSION = YES;
				CLANG_WARN_DEPRECATED_OBJC_IMPLEMENTATIONS = YES;
				CLANG_WARN_DIRECT_OBJC_ISA_USAGE = YES_ERROR;
				CLANG_WARN_DOCUMENTATION_COMMENTS = YES;
				CLANG_WARN_EMPTY_BODY = YES;
				CLANG_WARN_ENUM_CONVERSION = YES;
				CLANG_WARN_INFINITE_RECURSION = YES;
				CLANG_WARN_INT_CONVERSION = YES;
				CLANG_WARN_NON_LITERAL_NULL_CONVERSION = YES;
				CLANG_WARN_OBJC_IMPLICIT_RETAIN_SELF = YES;
				CLANG_WARN_OBJC_LITERAL_CONVERSION = YES;
				CLANG_WARN_OBJC_ROOT_CLASS = YES_ERROR;
				CLANG_WARN_RANGE_LOOP_ANALYSIS = YES;
				CLANG_WARN_STRICT_PROTOTYPES = YES;
				CLANG_WARN_SUSPICIOUS_MOVE = YES;
				CLANG_WARN_UNGUARDED_AVAILABILITY = YES_AGGRESSIVE;
				CLANG_WARN_UNREACHABLE_CODE = YES;
				CLANG_WARN__DUPLICATE_METHOD_MATCH = YES;
				COPY_PHASE_STRIP = NO;
				DEBUG_INFORMATION_FORMAT = "dwarf-with-dsym";
				ENABLE_NS_ASSERTIONS = NO;
				ENABLE_STRICT_OBJC_MSGSEND = YES;
				GCC_C_LANGUAGE_STANDARD = gnu11;
				GCC_NO_COMMON_BLOCKS = YES;
				GCC_WARN_64_TO_32_BIT_CONVERSION = YES;
				GCC_WARN_ABOUT_RETURN_TYPE = YES_ERROR;
				GCC_WARN_UNDECLARED_SELECTOR = YES;
				GCC_WARN_UNINITIALIZED_AUTOS = YES_AGGRESSIVE;
				GCC_WARN_UNUSED_FUNCTION = YES;
				GCC_WARN_UNUSED_VARIABLE = YES;
				IPHONEOS_DEPLOYMENT_TARGET = 13.1;
				MTL_ENABLE_DEBUG_INFO = NO;
				MTL_FAST_MATH = YES;
				SDKROOT = iphoneos;
				SWIFT_COMPILATION_MODE = wholemodule;
				SWIFT_OPTIMIZATION_LEVEL = "-O";
				VALIDATE_PRODUCT = YES;
			};
			name = Release;
		};
		FEF2F1BB244FE595000BC236 /* Debug */ = {
			isa = XCBuildConfiguration;
			baseConfigurationReference = 51B79A2E2474A8894EC13589 /* Pods-InTune.debug.xcconfig */;
			buildSettings = {
				ASSETCATALOG_COMPILER_APPICON_NAME = AppIcon;
				CODE_SIGN_STYLE = Automatic;
				DEVELOPMENT_TEAM = BH3RY5YGFW;
				FRAMEWORK_SEARCH_PATHS = (
					"$(inherited)",
					"$(PROJECT_DIR)/ios-sdk-1.2.2",
					"$(PROJECT_DIR)",
				);
				INFOPLIST_FILE = InTune/Info.plist;
				IPHONEOS_DEPLOYMENT_TARGET = 13.1;
				LD_RUNPATH_SEARCH_PATHS = (
					"$(inherited)",
					"@executable_path/Frameworks",
				);
				PRODUCT_BUNDLE_IDENTIFIER = "ally-esth-jun.InTune";
				PRODUCT_NAME = "$(TARGET_NAME)";
				SWIFT_OBJC_BRIDGING_HEADER = "InTune-Bridging-Header.h";
				SWIFT_VERSION = 5.0;
				TARGETED_DEVICE_FAMILY = 1;
			};
			name = Debug;
		};
		FEF2F1BC244FE595000BC236 /* Release */ = {
			isa = XCBuildConfiguration;
			baseConfigurationReference = 1E3B7FEB2A786886B2DD8897 /* Pods-InTune.release.xcconfig */;
			buildSettings = {
				ASSETCATALOG_COMPILER_APPICON_NAME = AppIcon;
				CODE_SIGN_STYLE = Automatic;
				DEVELOPMENT_TEAM = BH3RY5YGFW;
				FRAMEWORK_SEARCH_PATHS = (
					"$(inherited)",
					"$(PROJECT_DIR)/ios-sdk-1.2.2",
					"$(PROJECT_DIR)",
				);
				INFOPLIST_FILE = InTune/Info.plist;
				IPHONEOS_DEPLOYMENT_TARGET = 13.1;
				LD_RUNPATH_SEARCH_PATHS = (
					"$(inherited)",
					"@executable_path/Frameworks",
				);
				PRODUCT_BUNDLE_IDENTIFIER = "ally-esth-jun.InTune";
				PRODUCT_NAME = "$(TARGET_NAME)";
				SWIFT_OBJC_BRIDGING_HEADER = "InTune-Bridging-Header.h";
				SWIFT_VERSION = 5.0;
				TARGETED_DEVICE_FAMILY = 1;
			};
			name = Release;
		};
		FEF2F1BE244FE595000BC236 /* Debug */ = {
			isa = XCBuildConfiguration;
			buildSettings = {
				ALWAYS_EMBED_SWIFT_STANDARD_LIBRARIES = YES;
				BUNDLE_LOADER = "$(TEST_HOST)";
				CODE_SIGN_STYLE = Automatic;
				INFOPLIST_FILE = InTuneTests/Info.plist;
				IPHONEOS_DEPLOYMENT_TARGET = 13.1;
				LD_RUNPATH_SEARCH_PATHS = (
					"$(inherited)",
					"@executable_path/Frameworks",
					"@loader_path/Frameworks",
				);
				PRODUCT_BUNDLE_IDENTIFIER = "ally-esth-jun.InTuneTests";
				PRODUCT_NAME = "$(TARGET_NAME)";
				SWIFT_VERSION = 5.0;
				TARGETED_DEVICE_FAMILY = "1,2";
				TEST_HOST = "$(BUILT_PRODUCTS_DIR)/InTune.app/InTune";
			};
			name = Debug;
		};
		FEF2F1BF244FE595000BC236 /* Release */ = {
			isa = XCBuildConfiguration;
			buildSettings = {
				ALWAYS_EMBED_SWIFT_STANDARD_LIBRARIES = YES;
				BUNDLE_LOADER = "$(TEST_HOST)";
				CODE_SIGN_STYLE = Automatic;
				INFOPLIST_FILE = InTuneTests/Info.plist;
				IPHONEOS_DEPLOYMENT_TARGET = 13.1;
				LD_RUNPATH_SEARCH_PATHS = (
					"$(inherited)",
					"@executable_path/Frameworks",
					"@loader_path/Frameworks",
				);
				PRODUCT_BUNDLE_IDENTIFIER = "ally-esth-jun.InTuneTests";
				PRODUCT_NAME = "$(TARGET_NAME)";
				SWIFT_VERSION = 5.0;
				TARGETED_DEVICE_FAMILY = "1,2";
				TEST_HOST = "$(BUILT_PRODUCTS_DIR)/InTune.app/InTune";
			};
			name = Release;
		};
		FEF2F1C1244FE595000BC236 /* Debug */ = {
			isa = XCBuildConfiguration;
			buildSettings = {
				ALWAYS_EMBED_SWIFT_STANDARD_LIBRARIES = YES;
				CODE_SIGN_STYLE = Automatic;
				INFOPLIST_FILE = InTuneUITests/Info.plist;
				LD_RUNPATH_SEARCH_PATHS = (
					"$(inherited)",
					"@executable_path/Frameworks",
					"@loader_path/Frameworks",
				);
				PRODUCT_BUNDLE_IDENTIFIER = "ally-esth-jun.InTuneUITests";
				PRODUCT_NAME = "$(TARGET_NAME)";
				SWIFT_VERSION = 5.0;
				TARGETED_DEVICE_FAMILY = "1,2";
				TEST_TARGET_NAME = InTune;
			};
			name = Debug;
		};
		FEF2F1C2244FE595000BC236 /* Release */ = {
			isa = XCBuildConfiguration;
			buildSettings = {
				ALWAYS_EMBED_SWIFT_STANDARD_LIBRARIES = YES;
				CODE_SIGN_STYLE = Automatic;
				INFOPLIST_FILE = InTuneUITests/Info.plist;
				LD_RUNPATH_SEARCH_PATHS = (
					"$(inherited)",
					"@executable_path/Frameworks",
					"@loader_path/Frameworks",
				);
				PRODUCT_BUNDLE_IDENTIFIER = "ally-esth-jun.InTuneUITests";
				PRODUCT_NAME = "$(TARGET_NAME)";
				SWIFT_VERSION = 5.0;
				TARGETED_DEVICE_FAMILY = "1,2";
				TEST_TARGET_NAME = InTune;
			};
			name = Release;
		};
/* End XCBuildConfiguration section */

/* Begin XCConfigurationList section */
		FEF2F18B244FE594000BC236 /* Build configuration list for PBXProject "InTune" */ = {
			isa = XCConfigurationList;
			buildConfigurations = (
				FEF2F1B8244FE595000BC236 /* Debug */,
				FEF2F1B9244FE595000BC236 /* Release */,
			);
			defaultConfigurationIsVisible = 0;
			defaultConfigurationName = Release;
		};
		FEF2F1BA244FE595000BC236 /* Build configuration list for PBXNativeTarget "InTune" */ = {
			isa = XCConfigurationList;
			buildConfigurations = (
				FEF2F1BB244FE595000BC236 /* Debug */,
				FEF2F1BC244FE595000BC236 /* Release */,
			);
			defaultConfigurationIsVisible = 0;
			defaultConfigurationName = Release;
		};
		FEF2F1BD244FE595000BC236 /* Build configuration list for PBXNativeTarget "InTuneTests" */ = {
			isa = XCConfigurationList;
			buildConfigurations = (
				FEF2F1BE244FE595000BC236 /* Debug */,
				FEF2F1BF244FE595000BC236 /* Release */,
			);
			defaultConfigurationIsVisible = 0;
			defaultConfigurationName = Release;
		};
		FEF2F1C0244FE595000BC236 /* Build configuration list for PBXNativeTarget "InTuneUITests" */ = {
			isa = XCConfigurationList;
			buildConfigurations = (
				FEF2F1C1244FE595000BC236 /* Debug */,
				FEF2F1C2244FE595000BC236 /* Release */,
			);
			defaultConfigurationIsVisible = 0;
			defaultConfigurationName = Release;
		};
/* End XCConfigurationList section */
	};
	rootObject = FEF2F188244FE594000BC236 /* Project object */;
}
